PODS:
  - Alamofire (5.6.1)
  - NVActivityIndicatorView (4.7.0):
    - NVActivityIndicatorView/Presenter (= 4.7.0)
  - NVActivityIndicatorView/Presenter (4.7.0)
  - SimpleNetworkLayer (1.0.1):
    - Alamofire (~> 5.6.1)
    - NVActivityIndicatorView (~> 4.7.0)
    - SwiftMessages (~> 9.0.6)
  - SwiftMessages (9.0.6):
    - SwiftMessages/App (= 9.0.6)
  - SwiftMessages/App (9.0.6)

DEPENDENCIES:
  - SimpleNetworkLayer (~> 1.0.1)

SPEC REPOS:
  trunk:
    - Alamofire
    - NVActivityIndicatorView
    - SimpleNetworkLayer
    - SwiftMessages

SPEC CHECKSUMS:
  Alamofire: 87bd8c952f9a4454320fce00d9cc3de57bcadaf5
  NVActivityIndicatorView: b19ddab2576f805cbe0fb2306cba3476e09a1dea
  SimpleNetworkLayer: f762babd1f73dc4752df703087fbafec3addde96
  SwiftMessages: f0c7ef4705a570ad6c5e208b611f4333e660ed92

PODFILE CHECKSUM: f3ffffac2c14e64bad6707cc6221466a09ac0500

COCOAPODS: 1.11.3
