PODS:
  - Alamofire (5.6.1)
  - NVActivityIndicatorView (4.7.0):
    - NVActivityIndicatorView/Presenter (= 4.7.0)
  - NVActivityIndicatorView/Presenter (4.7.0)
  - SwiftMessages (9.0.6):
    - SwiftMessages/App (= 9.0.6)
  - SwiftMessages/App (9.0.6)

DEPENDENCIES:
  - Alamofire
  - NVActivityIndicatorView (= 4.7.0)
  - SwiftMessages

SPEC REPOS:
  trunk:
    - Alamofire
    - NVActivityIndicatorView
    - SwiftMessages

SPEC CHECKSUMS:
  Alamofire: 87bd8c952f9a4454320fce00d9cc3de57bcadaf5
  NVActivityIndicatorView: b19ddab2576f805cbe0fb2306cba3476e09a1dea
  SwiftMessages: f0c7ef4705a570ad6c5e208b611f4333e660ed92

PODFILE CHECKSUM: bfb323ff2d3bf23a7ea507009e6bf389c481824a

COCOAPODS: 1.11.3
